
Microsoft Visual Studio Solution File, Format Version 12.00
# Visual Studio 14
VisualStudioVersion = 14.0.23107.0
MinimumVisualStudioVersion = 10.0.40219.1
Project("{FAE04EC0-301F-11D3-BF4B-00C04F79EFBC}") = "LambdaDelegate", "LambdaDelegate\LambdaDelegate.csproj", "{27CB0F23-0F0C-4C70-8236-6209450619D8}"
EndProject
Global
	GlobalSection(SolutionConfigurationPlatforms) = preSolution
		Debug|Any CPU = Debug|Any CPU
		Release|Any CPU = Release|Any CPU
	EndGlobalSection
	GlobalSection(ProjectConfigurationPlatforms) = postSolution
		{27CB0F23-0F0C-4C70-8236-6209450619D8}.Debug|Any CPU.ActiveCfg = Debug|Any CPU
		{27CB0F23-0F0C-4C70-8236-6209450619D8}.Debug|Any CPU.Build.0 = Debug|Any CPU
		{27CB0F23-0F0C-4C70-8236-6209450619D8}.Release|Any CPU.ActiveCfg = Release|Any CPU
		{27CB0F23-0F0C-4C70-8236-6209450619D8}.Release|Any CPU.Build.0 = Release|Any CPU
	EndGlobalSection
	GlobalSection(SolutionProperties) = preSolution
		HideSolutionNode = FALSE
	EndGlobalSection
EndGlobal
