
Microsoft Visual Studio Solution File, Format Version 12.00
# Visual Studio 2013
VisualStudioVersion = 12.0.30723.0
MinimumVisualStudioVersion = 10.0.40219.1
Project("{2150E333-8FDC-42A3-9474-1A3956D46DE8}") = "RecipeBrowser", "RecipeBrowser", "{74AE7531-6B56-4F97-8BE3-694D20A9A736}"
EndProject
Project("{D954291E-2A0B-460D-934E-DC6B0785DB48}") = "RecipeBrowser.Shared", "RecipeBrowser\RecipeBrowser.Shared\RecipeBrowser.Shared.shproj", "{FAF4AEB3-0196-4B1D-9767-2B7785B3AC09}"
EndProject
Project("{FAE04EC0-301F-11D3-BF4B-00C04F79EFBC}") = "RecipeBrowser.Windows", "RecipeBrowser\RecipeBrowser.Windows\RecipeBrowser.Windows.csproj", "{E2D32943-FF56-44A7-A338-79B325B6A724}"
EndProject
Project("{FAE04EC0-301F-11D3-BF4B-00C04F79EFBC}") = "RecipeBrowser.WindowsPhone", "RecipeBrowser\RecipeBrowser.WindowsPhone\RecipeBrowser.WindowsPhone.csproj", "{08778CF5-DAFD-4935-990F-BDD19B55DE37}"
EndProject
Global
	GlobalSection(SharedMSBuildProjectFiles) = preSolution
		RecipeBrowser\RecipeBrowser.Shared\RecipeBrowser.Shared.projitems*{faf4aeb3-0196-4b1d-9767-2b7785b3ac09}*SharedItemsImports = 13
		RecipeBrowser\RecipeBrowser.Shared\RecipeBrowser.Shared.projitems*{e2d32943-ff56-44a7-a338-79b325b6a724}*SharedItemsImports = 4
		RecipeBrowser\RecipeBrowser.Shared\RecipeBrowser.Shared.projitems*{08778cf5-dafd-4935-990f-bdd19b55de37}*SharedItemsImports = 4
	EndGlobalSection
	GlobalSection(SolutionConfigurationPlatforms) = preSolution
		Debug|Any CPU = Debug|Any CPU
		Debug|ARM = Debug|ARM
		Debug|x64 = Debug|x64
		Debug|x86 = Debug|x86
		Release|Any CPU = Release|Any CPU
		Release|ARM = Release|ARM
		Release|x64 = Release|x64
		Release|x86 = Release|x86
	EndGlobalSection
	GlobalSection(ProjectConfigurationPlatforms) = postSolution
		{E2D32943-FF56-44A7-A338-79B325B6A724}.Debug|Any CPU.ActiveCfg = Debug|Any CPU
		{E2D32943-FF56-44A7-A338-79B325B6A724}.Debug|Any CPU.Build.0 = Debug|Any CPU
		{E2D32943-FF56-44A7-A338-79B325B6A724}.Debug|Any CPU.Deploy.0 = Debug|Any CPU
		{E2D32943-FF56-44A7-A338-79B325B6A724}.Debug|ARM.ActiveCfg = Debug|ARM
		{E2D32943-FF56-44A7-A338-79B325B6A724}.Debug|ARM.Build.0 = Debug|ARM
		{E2D32943-FF56-44A7-A338-79B325B6A724}.Debug|ARM.Deploy.0 = Debug|ARM
		{E2D32943-FF56-44A7-A338-79B325B6A724}.Debug|x64.ActiveCfg = Debug|x64
		{E2D32943-FF56-44A7-A338-79B325B6A724}.Debug|x64.Build.0 = Debug|x64
		{E2D32943-FF56-44A7-A338-79B325B6A724}.Debug|x64.Deploy.0 = Debug|x64
		{E2D32943-FF56-44A7-A338-79B325B6A724}.Debug|x86.ActiveCfg = Debug|x86
		{E2D32943-FF56-44A7-A338-79B325B6A724}.Debug|x86.Build.0 = Debug|x86
		{E2D32943-FF56-44A7-A338-79B325B6A724}.Debug|x86.Deploy.0 = Debug|x86
		{E2D32943-FF56-44A7-A338-79B325B6A724}.Release|Any CPU.ActiveCfg = Release|Any CPU
		{E2D32943-FF56-44A7-A338-79B325B6A724}.Release|Any CPU.Build.0 = Release|Any CPU
		{E2D32943-FF56-44A7-A338-79B325B6A724}.Release|Any CPU.Deploy.0 = Release|Any CPU
		{E2D32943-FF56-44A7-A338-79B325B6A724}.Release|ARM.ActiveCfg = Release|ARM
		{E2D32943-FF56-44A7-A338-79B325B6A724}.Release|ARM.Build.0 = Release|ARM
		{E2D32943-FF56-44A7-A338-79B325B6A724}.Release|ARM.Deploy.0 = Release|ARM
		{E2D32943-FF56-44A7-A338-79B325B6A724}.Release|x64.ActiveCfg = Release|x64
		{E2D32943-FF56-44A7-A338-79B325B6A724}.Release|x64.Build.0 = Release|x64
		{E2D32943-FF56-44A7-A338-79B325B6A724}.Release|x64.Deploy.0 = Release|x64
		{E2D32943-FF56-44A7-A338-79B325B6A724}.Release|x86.ActiveCfg = Release|x86
		{E2D32943-FF56-44A7-A338-79B325B6A724}.Release|x86.Build.0 = Release|x86
		{E2D32943-FF56-44A7-A338-79B325B6A724}.Release|x86.Deploy.0 = Release|x86
		{08778CF5-DAFD-4935-990F-BDD19B55DE37}.Debug|Any CPU.ActiveCfg = Debug|Any CPU
		{08778CF5-DAFD-4935-990F-BDD19B55DE37}.Debug|Any CPU.Build.0 = Debug|Any CPU
		{08778CF5-DAFD-4935-990F-BDD19B55DE37}.Debug|Any CPU.Deploy.0 = Debug|Any CPU
		{08778CF5-DAFD-4935-990F-BDD19B55DE37}.Debug|ARM.ActiveCfg = Debug|ARM
		{08778CF5-DAFD-4935-990F-BDD19B55DE37}.Debug|ARM.Build.0 = Debug|ARM
		{08778CF5-DAFD-4935-990F-BDD19B55DE37}.Debug|ARM.Deploy.0 = Debug|ARM
		{08778CF5-DAFD-4935-990F-BDD19B55DE37}.Debug|x64.ActiveCfg = Debug|Any CPU
		{08778CF5-DAFD-4935-990F-BDD19B55DE37}.Debug|x86.ActiveCfg = Debug|x86
		{08778CF5-DAFD-4935-990F-BDD19B55DE37}.Debug|x86.Build.0 = Debug|x86
		{08778CF5-DAFD-4935-990F-BDD19B55DE37}.Debug|x86.Deploy.0 = Debug|x86
		{08778CF5-DAFD-4935-990F-BDD19B55DE37}.Release|Any CPU.ActiveCfg = Release|Any CPU
		{08778CF5-DAFD-4935-990F-BDD19B55DE37}.Release|Any CPU.Build.0 = Release|Any CPU
		{08778CF5-DAFD-4935-990F-BDD19B55DE37}.Release|Any CPU.Deploy.0 = Release|Any CPU
		{08778CF5-DAFD-4935-990F-BDD19B55DE37}.Release|ARM.ActiveCfg = Release|ARM
		{08778CF5-DAFD-4935-990F-BDD19B55DE37}.Release|ARM.Build.0 = Release|ARM
		{08778CF5-DAFD-4935-990F-BDD19B55DE37}.Release|ARM.Deploy.0 = Release|ARM
		{08778CF5-DAFD-4935-990F-BDD19B55DE37}.Release|x64.ActiveCfg = Release|Any CPU
		{08778CF5-DAFD-4935-990F-BDD19B55DE37}.Release|x86.ActiveCfg = Release|x86
		{08778CF5-DAFD-4935-990F-BDD19B55DE37}.Release|x86.Build.0 = Release|x86
		{08778CF5-DAFD-4935-990F-BDD19B55DE37}.Release|x86.Deploy.0 = Release|x86
	EndGlobalSection
	GlobalSection(SolutionProperties) = preSolution
		HideSolutionNode = FALSE
	EndGlobalSection
	GlobalSection(NestedProjects) = preSolution
		{FAF4AEB3-0196-4B1D-9767-2B7785B3AC09} = {74AE7531-6B56-4F97-8BE3-694D20A9A736}
		{E2D32943-FF56-44A7-A338-79B325B6A724} = {74AE7531-6B56-4F97-8BE3-694D20A9A736}
		{08778CF5-DAFD-4935-990F-BDD19B55DE37} = {74AE7531-6B56-4F97-8BE3-694D20A9A736}
	EndGlobalSection
EndGlobal
