
Microsoft Visual Studio Solution File, Format Version 12.00
# Visual Studio 15
VisualStudioVersion = 15.0.27004.2002
MinimumVisualStudioVersion = 10.0.40219.1
Project("{FAE04EC0-301F-11D3-BF4B-00C04F79EFBC}") = "Grade", "Grade\Grade.csproj", "{0606A701-7BAA-4875-AB34-DF7C8C69A146}"
EndProject
Global
	GlobalSection(SolutionConfigurationPlatforms) = preSolution
		Debug|Any CPU = Debug|Any CPU
		Release|Any CPU = Release|Any CPU
	EndGlobalSection
	GlobalSection(ProjectConfigurationPlatforms) = postSolution
		{0606A701-7BAA-4875-AB34-DF7C8C69A146}.Debug|Any CPU.ActiveCfg = Debug|Any CPU
		{0606A701-7BAA-4875-AB34-DF7C8C69A146}.Debug|Any CPU.Build.0 = Debug|Any CPU
		{0606A701-7BAA-4875-AB34-DF7C8C69A146}.Release|Any CPU.ActiveCfg = Release|Any CPU
		{0606A701-7BAA-4875-AB34-DF7C8C69A146}.Release|Any CPU.Build.0 = Release|Any CPU
	EndGlobalSection
	GlobalSection(SolutionProperties) = preSolution
		HideSolutionNode = FALSE
	EndGlobalSection
	GlobalSection(ExtensibilityGlobals) = postSolution
		SolutionGuid = {B6DDF4F3-882A-4FA2-BCE1-95950B9F5D6F}
	EndGlobalSection
EndGlobal
