
Microsoft Visual Studio Solution File, Format Version 12.00
# Visual Studio 15
VisualStudioVersion = 15.0.27004.2002
MinimumVisualStudioVersion = 10.0.40219.1
Project("{FAE04EC0-301F-11D3-BF4B-00C04F79EFBC}") = "Person", "Person\Person.csproj", "{EFD339A8-DD8C-474B-A1DE-15D6A52A79FA}"
EndProject
Global
	GlobalSection(SolutionConfigurationPlatforms) = preSolution
		Debug|Any CPU = Debug|Any CPU
		Release|Any CPU = Release|Any CPU
	EndGlobalSection
	GlobalSection(ProjectConfigurationPlatforms) = postSolution
		{EFD339A8-DD8C-474B-A1DE-15D6A52A79FA}.Debug|Any CPU.ActiveCfg = Debug|Any CPU
		{EFD339A8-DD8C-474B-A1DE-15D6A52A79FA}.Debug|Any CPU.Build.0 = Debug|Any CPU
		{EFD339A8-DD8C-474B-A1DE-15D6A52A79FA}.Release|Any CPU.ActiveCfg = Release|Any CPU
		{EFD339A8-DD8C-474B-A1DE-15D6A52A79FA}.Release|Any CPU.Build.0 = Release|Any CPU
	EndGlobalSection
	GlobalSection(SolutionProperties) = preSolution
		HideSolutionNode = FALSE
	EndGlobalSection
	GlobalSection(ExtensibilityGlobals) = postSolution
		SolutionGuid = {AC9C1D2C-6CE3-4C29-9219-7FFCBD253C13}
	EndGlobalSection
EndGlobal
